
Microsoft Visual Studio Solution File, Format Version 12.00
# Visual Studio Version 16
VisualStudioVersion = 16.0.31205.134
MinimumVisualStudioVersion = 10.0.40219.1
Project("{F184B08F-C81C-45F6-A57F-5ABD9991F28F}") = "disable_exe_checks", "disable_exe_checks\disable_exe_checks.vbproj", "{8520CAA4-0631-4163-83AE-F3707ED88254}"
EndProject
Global
	GlobalSection(SolutionConfigurationPlatforms) = preSolution
		Debug|Any CPU = Debug|Any CPU
		Release|Any CPU = Release|Any CPU
	EndGlobalSection
	GlobalSection(ProjectConfigurationPlatforms) = postSolution
		{8520CAA4-0631-4163-83AE-F3707ED88254}.Debug|Any CPU.ActiveCfg = Debug|Any CPU
		{8520CAA4-0631-4163-83AE-F3707ED88254}.Debug|Any CPU.Build.0 = Debug|Any CPU
		{8520CAA4-0631-4163-83AE-F3707ED88254}.Release|Any CPU.ActiveCfg = Release|Any CPU
		{8520CAA4-0631-4163-83AE-F3707ED88254}.Release|Any CPU.Build.0 = Release|Any CPU
	EndGlobalSection
	GlobalSection(SolutionProperties) = preSolution
		HideSolutionNode = FALSE
	EndGlobalSection
	GlobalSection(ExtensibilityGlobals) = postSolution
		SolutionGuid = {41F00EFA-FEC5-4062-9E5B-E0E7F6C988F8}
	EndGlobalSection
EndGlobal
